// !$*UTF8*$!
{
	archiveVersion = 1;
	classes = {
	};
	objectVersion = 51;
	objects = {

/* Begin PBXBuildFile section */
		297C50FFBB9421B01F7D9742 /* Pods_Unam.framework in Frameworks */ = {isa = PBXBuildFile; fileRef = 22854422829AFDE76AFB842B /* Pods_Unam.framework */; };
		8314EFC126E287E500C02178 /* UIFont+.swift in Sources */ = {isa = PBXBuildFile; fileRef = 8314EFC026E287E500C02178 /* UIFont+.swift */; };
		832DCDE524018AC30017B3F9 /* Subject.swift in Sources */ = {isa = PBXBuildFile; fileRef = 832DCDE424018AC30017B3F9 /* Subject.swift */; };
		832DCDE724018AE80017B3F9 /* Constant.swift in Sources */ = {isa = PBXBuildFile; fileRef = 832DCDE624018AE80017B3F9 /* Constant.swift */; };
		832DCDEB24018B360017B3F9 /* SubjectRow.swift in Sources */ = {isa = PBXBuildFile; fileRef = 832DCDEA24018B360017B3F9 /* SubjectRow.swift */; };
		832DCDED24018C560017B3F9 /* SubjectDetailView.swift in Sources */ = {isa = PBXBuildFile; fileRef = 832DCDEC24018C560017B3F9 /* SubjectDetailView.swift */; };
		832DCDEF24018C650017B3F9 /* SubjectView.swift in Sources */ = {isa = PBXBuildFile; fileRef = 832DCDEE24018C650017B3F9 /* SubjectView.swift */; };
		832DCDF22401A7A10017B3F9 /* UserDataWebModel.swift in Sources */ = {isa = PBXBuildFile; fileRef = 832DCDF12401A7A10017B3F9 /* UserDataWebModel.swift */; };
		832DCDF42401A8A50017B3F9 /* String+.swift in Sources */ = {isa = PBXBuildFile; fileRef = 832DCDF32401A8A50017B3F9 /* String+.swift */; };
		8360F07826F3D8B300B80900 /* HighlightedNewsView.swift in Sources */ = {isa = PBXBuildFile; fileRef = 8360F07726F3D8B300B80900 /* HighlightedNewsView.swift */; };
		8360F08926F43B2700B80900 /* UIScrollViewViewController.swift in Sources */ = {isa = PBXBuildFile; fileRef = 8360F08826F43B2700B80900 /* UIScrollViewViewController.swift */; };
		8376962426EBBD4200E2D1F3 /* NewsItemDetail.swift in Sources */ = {isa = PBXBuildFile; fileRef = 8376962326EBBD4200E2D1F3 /* NewsItemDetail.swift */; };
		837D17B22624D9E400B88072 /* AcademicView.swift in Sources */ = {isa = PBXBuildFile; fileRef = 837D17B12624D9E400B88072 /* AcademicView.swift */; };
		837D17BD2624E4F700B88072 /* AcademicItem.swift in Sources */ = {isa = PBXBuildFile; fileRef = 837D17BC2624E4F700B88072 /* AcademicItem.swift */; };
		837D17C22624E7DD00B88072 /* TabContainerView.swift in Sources */ = {isa = PBXBuildFile; fileRef = 837D17C12624E7DD00B88072 /* TabContainerView.swift */; };
		837D17CC2624F17700B88072 /* ProfileView.swift in Sources */ = {isa = PBXBuildFile; fileRef = 837D17CB2624F17700B88072 /* ProfileView.swift */; };
		837D17D02624FC6200B88072 /* CustomWebView.swift in Sources */ = {isa = PBXBuildFile; fileRef = 837D17CF2624FC6200B88072 /* CustomWebView.swift */; };
		837D17D726251D8F00B88072 /* WKWebView+.swift in Sources */ = {isa = PBXBuildFile; fileRef = 837D17D626251D8F00B88072 /* WKWebView+.swift */; };
		8383DBA326EAEC43006C977D /* NewsDetailView.swift in Sources */ = {isa = PBXBuildFile; fileRef = 8383DBA226EAEC43006C977D /* NewsDetailView.swift */; };
		8383DBA826EAEC5F006C977D /* NewsRow.swift in Sources */ = {isa = PBXBuildFile; fileRef = 8383DBA726EAEC5F006C977D /* NewsRow.swift */; };
		8383DBAD26EAEC7A006C977D /* NewsService.swift in Sources */ = {isa = PBXBuildFile; fileRef = 8383DBAC26EAEC7A006C977D /* NewsService.swift */; };
		8383DBB226EAECBE006C977D /* NewsDetailService.swift in Sources */ = {isa = PBXBuildFile; fileRef = 8383DBB126EAECBE006C977D /* NewsDetailService.swift */; };
		8383DBBA26EAECE3006C977D /* NewsItem.swift in Sources */ = {isa = PBXBuildFile; fileRef = 8383DBB926EAECE3006C977D /* NewsItem.swift */; };
		8385994A26D6F6E400E91884 /* Appearance.swift in Sources */ = {isa = PBXBuildFile; fileRef = 8385994926D6F6E400E91884 /* Appearance.swift */; };
		8385996A26D85DD700E91884 /* UnamUnitTests.swift in Sources */ = {isa = PBXBuildFile; fileRef = 8385996926D85DD700E91884 /* UnamUnitTests.swift */; };
		8385997426D85F2500E91884 /* NetworkMock.swift in Sources */ = {isa = PBXBuildFile; fileRef = 8385997326D85F2500E91884 /* NetworkMock.swift */; };
		8385998426D866FE00E91884 /* UnamUITests.swift in Sources */ = {isa = PBXBuildFile; fileRef = 8385998326D866FE00E91884 /* UnamUITests.swift */; };
		83A5ED3B26D57B9D00AD9D1F /* Color+.swift in Sources */ = {isa = PBXBuildFile; fileRef = 83A5ED3A26D57B9D00AD9D1F /* Color+.swift */; };
		83A5ED3F26D5CEF900AD9D1F /* NewsView.swift in Sources */ = {isa = PBXBuildFile; fileRef = 83A5ED3E26D5CEF800AD9D1F /* NewsView.swift */; };
		83D9984A26E400D0008CF27B /* Image+.swift in Sources */ = {isa = PBXBuildFile; fileRef = 83D9984926E400D0008CF27B /* Image+.swift */; };
		83D9984F26E40D08008CF27B /* AcademicHeaderView.swift in Sources */ = {isa = PBXBuildFile; fileRef = 83D9984E26E40D08008CF27B /* AcademicHeaderView.swift */; };
		83D9985726E45EF6008CF27B /* View+.swift in Sources */ = {isa = PBXBuildFile; fileRef = 83D9985626E45EF6008CF27B /* View+.swift */; };
		83D9985D26E46066008CF27B /* HeaderProfileView.swift in Sources */ = {isa = PBXBuildFile; fileRef = 83D9985C26E46066008CF27B /* HeaderProfileView.swift */; };
		83D9986226E47206008CF27B /* AcademicRow.swift in Sources */ = {isa = PBXBuildFile; fileRef = 83D9986126E47206008CF27B /* AcademicRow.swift */; };
		83D9986726E690A9008CF27B /* ProfileContentView.swift in Sources */ = {isa = PBXBuildFile; fileRef = 83D9986626E690A9008CF27B /* ProfileContentView.swift */; };
		83D9986F26E6BE8F008CF27B /* Double+.swift in Sources */ = {isa = PBXBuildFile; fileRef = 83D9986E26E6BE8F008CF27B /* Double+.swift */; };
		83D9987726E6CB4C008CF27B /* SubjectHeaderView.swift in Sources */ = {isa = PBXBuildFile; fileRef = 83D9987626E6CB4C008CF27B /* SubjectHeaderView.swift */; };
		83D9987E26E6CC0F008CF27B /* RatingView.swift in Sources */ = {isa = PBXBuildFile; fileRef = 83D9987D26E6CC0F008CF27B /* RatingView.swift */; };
		83D9988326E72821008CF27B /* AcademicSubView.swift in Sources */ = {isa = PBXBuildFile; fileRef = 83D9988226E72821008CF27B /* AcademicSubView.swift */; };
		83EF5D5F23FC876200BAD81D /* AppDelegate.swift in Sources */ = {isa = PBXBuildFile; fileRef = 83EF5D5E23FC876200BAD81D /* AppDelegate.swift */; };
		83EF5D6123FC876200BAD81D /* SceneDelegate.swift in Sources */ = {isa = PBXBuildFile; fileRef = 83EF5D6023FC876200BAD81D /* SceneDelegate.swift */; };
		83EF5D6623FC876200BAD81D /* Main.storyboard in Resources */ = {isa = PBXBuildFile; fileRef = 83EF5D6423FC876200BAD81D /* Main.storyboard */; };
		83EF5D6823FC876300BAD81D /* Assets.xcassets in Resources */ = {isa = PBXBuildFile; fileRef = 83EF5D6723FC876300BAD81D /* Assets.xcassets */; };
		83EF5D6B23FC876300BAD81D /* LaunchScreen.storyboard in Resources */ = {isa = PBXBuildFile; fileRef = 83EF5D6923FC876300BAD81D /* LaunchScreen.storyboard */; };
		83F6F99023FDFD460094F7FF /* UserDataViewModel.swift in Sources */ = {isa = PBXBuildFile; fileRef = 83F6F98F23FDFD460094F7FF /* UserDataViewModel.swift */; };
/* End PBXBuildFile section */

/* Begin PBXContainerItemProxy section */
		8385996C26D85DD700E91884 /* PBXContainerItemProxy */ = {
			isa = PBXContainerItemProxy;
			containerPortal = 83EF5D5323FC876200BAD81D /* Project object */;
			proxyType = 1;
			remoteGlobalIDString = 83EF5D5A23FC876200BAD81D;
			remoteInfo = Unam;
		};
		8385998626D866FE00E91884 /* PBXContainerItemProxy */ = {
			isa = PBXContainerItemProxy;
			containerPortal = 83EF5D5323FC876200BAD81D /* Project object */;
			proxyType = 1;
			remoteGlobalIDString = 83EF5D5A23FC876200BAD81D;
			remoteInfo = Unam;
		};
/* End PBXContainerItemProxy section */

/* Begin PBXFileReference section */
		22854422829AFDE76AFB842B /* Pods_Unam.framework */ = {isa = PBXFileReference; explicitFileType = wrapper.framework; includeInIndex = 0; path = Pods_Unam.framework; sourceTree = BUILT_PRODUCTS_DIR; };
		248043DABFCF2A179C34D072 /* Pods-Unam.debug.xcconfig */ = {isa = PBXFileReference; includeInIndex = 1; lastKnownFileType = text.xcconfig; name = "Pods-Unam.debug.xcconfig"; path = "Target Support Files/Pods-Unam/Pods-Unam.debug.xcconfig"; sourceTree = "<group>"; };
		8314EFC026E287E500C02178 /* UIFont+.swift */ = {isa = PBXFileReference; lastKnownFileType = sourcecode.swift; path = "UIFont+.swift"; sourceTree = "<group>"; };
		832DCDE424018AC30017B3F9 /* Subject.swift */ = {isa = PBXFileReference; lastKnownFileType = sourcecode.swift; path = Subject.swift; sourceTree = "<group>"; };
		832DCDE624018AE80017B3F9 /* Constant.swift */ = {isa = PBXFileReference; lastKnownFileType = sourcecode.swift; path = Constant.swift; sourceTree = "<group>"; };
		832DCDEA24018B360017B3F9 /* SubjectRow.swift */ = {isa = PBXFileReference; lastKnownFileType = sourcecode.swift; path = SubjectRow.swift; sourceTree = "<group>"; };
		832DCDEC24018C560017B3F9 /* SubjectDetailView.swift */ = {isa = PBXFileReference; lastKnownFileType = sourcecode.swift; path = SubjectDetailView.swift; sourceTree = "<group>"; };
		832DCDEE24018C650017B3F9 /* SubjectView.swift */ = {isa = PBXFileReference; lastKnownFileType = sourcecode.swift; path = SubjectView.swift; sourceTree = "<group>"; };
		832DCDF12401A7A10017B3F9 /* UserDataWebModel.swift */ = {isa = PBXFileReference; lastKnownFileType = sourcecode.swift; path = UserDataWebModel.swift; sourceTree = "<group>"; };
		832DCDF32401A8A50017B3F9 /* String+.swift */ = {isa = PBXFileReference; lastKnownFileType = sourcecode.swift; path = "String+.swift"; sourceTree = "<group>"; };
		8360F07726F3D8B300B80900 /* HighlightedNewsView.swift */ = {isa = PBXFileReference; lastKnownFileType = sourcecode.swift; path = HighlightedNewsView.swift; sourceTree = "<group>"; };
		8360F08826F43B2700B80900 /* UIScrollViewViewController.swift */ = {isa = PBXFileReference; lastKnownFileType = sourcecode.swift; path = UIScrollViewViewController.swift; sourceTree = "<group>"; };
		8376962326EBBD4200E2D1F3 /* NewsItemDetail.swift */ = {isa = PBXFileReference; lastKnownFileType = sourcecode.swift; path = NewsItemDetail.swift; sourceTree = "<group>"; };
		837D17B12624D9E400B88072 /* AcademicView.swift */ = {isa = PBXFileReference; lastKnownFileType = sourcecode.swift; path = AcademicView.swift; sourceTree = "<group>"; };
		837D17BC2624E4F700B88072 /* AcademicItem.swift */ = {isa = PBXFileReference; lastKnownFileType = sourcecode.swift; path = AcademicItem.swift; sourceTree = "<group>"; };
		837D17C12624E7DD00B88072 /* TabContainerView.swift */ = {isa = PBXFileReference; lastKnownFileType = sourcecode.swift; path = TabContainerView.swift; sourceTree = "<group>"; };
		837D17CB2624F17700B88072 /* ProfileView.swift */ = {isa = PBXFileReference; lastKnownFileType = sourcecode.swift; path = ProfileView.swift; sourceTree = "<group>"; };
		837D17CF2624FC6200B88072 /* CustomWebView.swift */ = {isa = PBXFileReference; lastKnownFileType = sourcecode.swift; path = CustomWebView.swift; sourceTree = "<group>"; };
		837D17D626251D8F00B88072 /* WKWebView+.swift */ = {isa = PBXFileReference; lastKnownFileType = sourcecode.swift; path = "WKWebView+.swift"; sourceTree = "<group>"; };
		8383DBA226EAEC43006C977D /* NewsDetailView.swift */ = {isa = PBXFileReference; lastKnownFileType = sourcecode.swift; path = NewsDetailView.swift; sourceTree = "<group>"; };
		8383DBA726EAEC5F006C977D /* NewsRow.swift */ = {isa = PBXFileReference; lastKnownFileType = sourcecode.swift; path = NewsRow.swift; sourceTree = "<group>"; };
		8383DBAC26EAEC7A006C977D /* NewsService.swift */ = {isa = PBXFileReference; lastKnownFileType = sourcecode.swift; path = NewsService.swift; sourceTree = "<group>"; };
		8383DBB126EAECBE006C977D /* NewsDetailService.swift */ = {isa = PBXFileReference; lastKnownFileType = sourcecode.swift; path = NewsDetailService.swift; sourceTree = "<group>"; };
		8383DBB926EAECE3006C977D /* NewsItem.swift */ = {isa = PBXFileReference; lastKnownFileType = sourcecode.swift; path = NewsItem.swift; sourceTree = "<group>"; };
		8385994926D6F6E400E91884 /* Appearance.swift */ = {isa = PBXFileReference; lastKnownFileType = sourcecode.swift; path = Appearance.swift; sourceTree = "<group>"; };
		8385996726D85DD700E91884 /* UnamUnitTests.xctest */ = {isa = PBXFileReference; explicitFileType = wrapper.cfbundle; includeInIndex = 0; path = UnamUnitTests.xctest; sourceTree = BUILT_PRODUCTS_DIR; };
		8385996926D85DD700E91884 /* UnamUnitTests.swift */ = {isa = PBXFileReference; lastKnownFileType = sourcecode.swift; path = UnamUnitTests.swift; sourceTree = "<group>"; };
		8385996B26D85DD700E91884 /* Info.plist */ = {isa = PBXFileReference; lastKnownFileType = text.plist.xml; path = Info.plist; sourceTree = "<group>"; };
		8385997326D85F2500E91884 /* NetworkMock.swift */ = {isa = PBXFileReference; lastKnownFileType = sourcecode.swift; path = NetworkMock.swift; sourceTree = "<group>"; };
		8385998126D866FE00E91884 /* UnamUITests.xctest */ = {isa = PBXFileReference; explicitFileType = wrapper.cfbundle; includeInIndex = 0; path = UnamUITests.xctest; sourceTree = BUILT_PRODUCTS_DIR; };
		8385998326D866FE00E91884 /* UnamUITests.swift */ = {isa = PBXFileReference; lastKnownFileType = sourcecode.swift; path = UnamUITests.swift; sourceTree = "<group>"; };
		8385998526D866FE00E91884 /* Info.plist */ = {isa = PBXFileReference; lastKnownFileType = text.plist.xml; path = Info.plist; sourceTree = "<group>"; };
		83A5ED3A26D57B9D00AD9D1F /* Color+.swift */ = {isa = PBXFileReference; lastKnownFileType = sourcecode.swift; path = "Color+.swift"; sourceTree = "<group>"; };
		83A5ED3E26D5CEF800AD9D1F /* NewsView.swift */ = {isa = PBXFileReference; lastKnownFileType = sourcecode.swift; path = NewsView.swift; sourceTree = "<group>"; };
		83D9984926E400D0008CF27B /* Image+.swift */ = {isa = PBXFileReference; lastKnownFileType = sourcecode.swift; path = "Image+.swift"; sourceTree = "<group>"; };
		83D9984E26E40D08008CF27B /* AcademicHeaderView.swift */ = {isa = PBXFileReference; lastKnownFileType = sourcecode.swift; path = AcademicHeaderView.swift; sourceTree = "<group>"; };
		83D9985626E45EF6008CF27B /* View+.swift */ = {isa = PBXFileReference; lastKnownFileType = sourcecode.swift; path = "View+.swift"; sourceTree = "<group>"; };
		83D9985C26E46066008CF27B /* HeaderProfileView.swift */ = {isa = PBXFileReference; lastKnownFileType = sourcecode.swift; path = HeaderProfileView.swift; sourceTree = "<group>"; };
		83D9986126E47206008CF27B /* AcademicRow.swift */ = {isa = PBXFileReference; lastKnownFileType = sourcecode.swift; path = AcademicRow.swift; sourceTree = "<group>"; };
		83D9986626E690A9008CF27B /* ProfileContentView.swift */ = {isa = PBXFileReference; lastKnownFileType = sourcecode.swift; path = ProfileContentView.swift; sourceTree = "<group>"; };
		83D9986E26E6BE8F008CF27B /* Double+.swift */ = {isa = PBXFileReference; lastKnownFileType = sourcecode.swift; path = "Double+.swift"; sourceTree = "<group>"; };
		83D9987626E6CB4C008CF27B /* SubjectHeaderView.swift */ = {isa = PBXFileReference; lastKnownFileType = sourcecode.swift; path = SubjectHeaderView.swift; sourceTree = "<group>"; };
		83D9987D26E6CC0F008CF27B /* RatingView.swift */ = {isa = PBXFileReference; fileEncoding = 4; lastKnownFileType = sourcecode.swift; path = RatingView.swift; sourceTree = "<group>"; };
		83D9988226E72821008CF27B /* AcademicSubView.swift */ = {isa = PBXFileReference; lastKnownFileType = sourcecode.swift; path = AcademicSubView.swift; sourceTree = "<group>"; };
		83EF5D5B23FC876200BAD81D /* Unam.app */ = {isa = PBXFileReference; explicitFileType = wrapper.application; includeInIndex = 0; path = Unam.app; sourceTree = BUILT_PRODUCTS_DIR; };
		83EF5D5E23FC876200BAD81D /* AppDelegate.swift */ = {isa = PBXFileReference; lastKnownFileType = sourcecode.swift; path = AppDelegate.swift; sourceTree = "<group>"; };
		83EF5D6023FC876200BAD81D /* SceneDelegate.swift */ = {isa = PBXFileReference; lastKnownFileType = sourcecode.swift; path = SceneDelegate.swift; sourceTree = "<group>"; };
		83EF5D6523FC876200BAD81D /* Base */ = {isa = PBXFileReference; lastKnownFileType = file.storyboard; name = Base; path = Base.lproj/Main.storyboard; sourceTree = "<group>"; };
		83EF5D6723FC876300BAD81D /* Assets.xcassets */ = {isa = PBXFileReference; lastKnownFileType = folder.assetcatalog; path = Assets.xcassets; sourceTree = "<group>"; };
		83EF5D6A23FC876300BAD81D /* Base */ = {isa = PBXFileReference; lastKnownFileType = file.storyboard; name = Base; path = Base.lproj/LaunchScreen.storyboard; sourceTree = "<group>"; };
		83EF5D6C23FC876300BAD81D /* Info.plist */ = {isa = PBXFileReference; lastKnownFileType = text.plist.xml; path = Info.plist; sourceTree = "<group>"; };
		83F6F98F23FDFD460094F7FF /* UserDataViewModel.swift */ = {isa = PBXFileReference; fileEncoding = 4; lastKnownFileType = sourcecode.swift; path = UserDataViewModel.swift; sourceTree = "<group>"; };
		C62CE3F4EEA46E797B9E45E1 /* Pods-Unam.release.xcconfig */ = {isa = PBXFileReference; includeInIndex = 1; lastKnownFileType = text.xcconfig; name = "Pods-Unam.release.xcconfig"; path = "Target Support Files/Pods-Unam/Pods-Unam.release.xcconfig"; sourceTree = "<group>"; };
/* End PBXFileReference section */

/* Begin PBXFrameworksBuildPhase section */
		8385996426D85DD700E91884 /* Frameworks */ = {
			isa = PBXFrameworksBuildPhase;
			buildActionMask = 2147483647;
			files = (
			);
			runOnlyForDeploymentPostprocessing = 0;
		};
		8385997E26D866FE00E91884 /* Frameworks */ = {
			isa = PBXFrameworksBuildPhase;
			buildActionMask = 2147483647;
			files = (
			);
			runOnlyForDeploymentPostprocessing = 0;
		};
		83EF5D5823FC876200BAD81D /* Frameworks */ = {
			isa = PBXFrameworksBuildPhase;
			buildActionMask = 2147483647;
			files = (
				297C50FFBB9421B01F7D9742 /* Pods_Unam.framework in Frameworks */,
			);
			runOnlyForDeploymentPostprocessing = 0;
		};
/* End PBXFrameworksBuildPhase section */

/* Begin PBXGroup section */
		3CDB8506B303DED8F7AE5A9B /* Frameworks */ = {
			isa = PBXGroup;
			children = (
				22854422829AFDE76AFB842B /* Pods_Unam.framework */,
			);
			name = Frameworks;
			sourceTree = "<group>";
		};
		63D14301599B47A35E624865 /* Pods */ = {
			isa = PBXGroup;
			children = (
				248043DABFCF2A179C34D072 /* Pods-Unam.debug.xcconfig */,
				C62CE3F4EEA46E797B9E45E1 /* Pods-Unam.release.xcconfig */,
			);
			path = Pods;
			sourceTree = "<group>";
		};
		832DCDE824018B190017B3F9 /* Subject */ = {
			isa = PBXGroup;
			children = (
				837D17B82624E16900B88072 /* Model */,
				832DCDEE24018C650017B3F9 /* SubjectView.swift */,
				83D9987626E6CB4C008CF27B /* SubjectHeaderView.swift */,
				832DCDEA24018B360017B3F9 /* SubjectRow.swift */,
			);
			path = Subject;
			sourceTree = "<group>";
		};
		832DCDE924018B280017B3F9 /* Util */ = {
			isa = PBXGroup;
			children = (
				832DCDE624018AE80017B3F9 /* Constant.swift */,
			);
			path = Util;
			sourceTree = "<group>";
		};
		832DCDF024018CA40017B3F9 /* Web */ = {
			isa = PBXGroup;
			children = (
				832DCDF12401A7A10017B3F9 /* UserDataWebModel.swift */,
				837D17CF2624FC6200B88072 /* CustomWebView.swift */,
			);
			path = Web;
			sourceTree = "<group>";
		};
		8376961B26EBBCED00E2D1F3 /* Services */ = {
			isa = PBXGroup;
			children = (
				8383DBAC26EAEC7A006C977D /* NewsService.swift */,
			);
			path = Services;
			sourceTree = "<group>";
		};
		8376961C26EBBCFE00E2D1F3 /* NewsDetail */ = {
			isa = PBXGroup;
			children = (
				8376962226EBBD2D00E2D1F3 /* Model */,
				8376961D26EBBD1300E2D1F3 /* Services */,
				8383DBA226EAEC43006C977D /* NewsDetailView.swift */,
			);
			path = NewsDetail;
			sourceTree = "<group>";
		};
		8376961D26EBBD1300E2D1F3 /* Services */ = {
			isa = PBXGroup;
			children = (
				8383DBB126EAECBE006C977D /* NewsDetailService.swift */,
			);
			path = Services;
			sourceTree = "<group>";
		};
		8376962126EBBD2600E2D1F3 /* Model */ = {
			isa = PBXGroup;
			children = (
				8383DBB926EAECE3006C977D /* NewsItem.swift */,
			);
			path = Model;
			sourceTree = "<group>";
		};
		8376962226EBBD2D00E2D1F3 /* Model */ = {
			isa = PBXGroup;
			children = (
				8376962326EBBD4200E2D1F3 /* NewsItemDetail.swift */,
			);
			path = Model;
			sourceTree = "<group>";
		};
		837D17B02624D9CE00B88072 /* AcademicItem */ = {
			isa = PBXGroup;
			children = (
				837D17BB2624E4EE00B88072 /* Model */,
				837D17B12624D9E400B88072 /* AcademicView.swift */,
				83D9988226E72821008CF27B /* AcademicSubView.swift */,
				83D9984E26E40D08008CF27B /* AcademicHeaderView.swift */,
				83D9986126E47206008CF27B /* AcademicRow.swift */,
			);
			path = AcademicItem;
			sourceTree = "<group>";
		};
		837D17B72624E15800B88072 /* SubjectDetail */ = {
			isa = PBXGroup;
			children = (
				832DCDEC24018C560017B3F9 /* SubjectDetailView.swift */,
			);
			path = SubjectDetail;
			sourceTree = "<group>";
		};
		837D17B82624E16900B88072 /* Model */ = {
			isa = PBXGroup;
			children = (
				832DCDE424018AC30017B3F9 /* Subject.swift */,
			);
			path = Model;
			sourceTree = "<group>";
		};
		837D17BB2624E4EE00B88072 /* Model */ = {
			isa = PBXGroup;
			children = (
				837D17BC2624E4F700B88072 /* AcademicItem.swift */,
			);
			path = Model;
			sourceTree = "<group>";
		};
		837D17C02624E7CE00B88072 /* TabContainer */ = {
			isa = PBXGroup;
			children = (
				837D17C12624E7DD00B88072 /* TabContainerView.swift */,
			);
			path = TabContainer;
			sourceTree = "<group>";
		};
		837D17CA2624F16800B88072 /* Profile */ = {
			isa = PBXGroup;
			children = (
				837D17CB2624F17700B88072 /* ProfileView.swift */,
				83D9985C26E46066008CF27B /* HeaderProfileView.swift */,
				83D9986626E690A9008CF27B /* ProfileContentView.swift */,
			);
			path = Profile;
			sourceTree = "<group>";
		};
		837D17D526251D8000B88072 /* Extensions */ = {
			isa = PBXGroup;
			children = (
				832DCDF32401A8A50017B3F9 /* String+.swift */,
				83D9987D26E6CC0F008CF27B /* RatingView.swift */,
				837D17D626251D8F00B88072 /* WKWebView+.swift */,
				83A5ED3A26D57B9D00AD9D1F /* Color+.swift */,
				8385994926D6F6E400E91884 /* Appearance.swift */,
				8314EFC026E287E500C02178 /* UIFont+.swift */,
				83D9984926E400D0008CF27B /* Image+.swift */,
				83D9985626E45EF6008CF27B /* View+.swift */,
				83D9986E26E6BE8F008CF27B /* Double+.swift */,
				8360F08826F43B2700B80900 /* UIScrollViewViewController.swift */,
			);
			path = Extensions;
			sourceTree = "<group>";
		};
		8385996826D85DD700E91884 /* UnamUnitTests */ = {
			isa = PBXGroup;
			children = (
				8385996926D85DD700E91884 /* UnamUnitTests.swift */,
				8385996B26D85DD700E91884 /* Info.plist */,
				8385997326D85F2500E91884 /* NetworkMock.swift */,
			);
			path = UnamUnitTests;
			sourceTree = "<group>";
		};
		8385998226D866FE00E91884 /* UnamUITests */ = {
			isa = PBXGroup;
			children = (
				8385998326D866FE00E91884 /* UnamUITests.swift */,
				8385998526D866FE00E91884 /* Info.plist */,
			);
			path = UnamUITests;
			sourceTree = "<group>";
		};
		83A5ED3D26D5CEDF00AD9D1F /* News */ = {
			isa = PBXGroup;
			children = (
				8376962126EBBD2600E2D1F3 /* Model */,
				8376961B26EBBCED00E2D1F3 /* Services */,
				83A5ED3E26D5CEF800AD9D1F /* NewsView.swift */,
				8383DBA726EAEC5F006C977D /* NewsRow.swift */,
				8360F07726F3D8B300B80900 /* HighlightedNewsView.swift */,
			);
			path = News;
			sourceTree = "<group>";
		};
		83EF5D5223FC876200BAD81D = {
			isa = PBXGroup;
			children = (
				83EF5D5D23FC876200BAD81D /* Unam */,
				8385996826D85DD700E91884 /* UnamUnitTests */,
				8385998226D866FE00E91884 /* UnamUITests */,
				83EF5D5C23FC876200BAD81D /* Products */,
				63D14301599B47A35E624865 /* Pods */,
				3CDB8506B303DED8F7AE5A9B /* Frameworks */,
			);
			sourceTree = "<group>";
		};
		83EF5D5C23FC876200BAD81D /* Products */ = {
			isa = PBXGroup;
			children = (
				83EF5D5B23FC876200BAD81D /* Unam.app */,
				8385996726D85DD700E91884 /* UnamUnitTests.xctest */,
				8385998126D866FE00E91884 /* UnamUITests.xctest */,
			);
			name = Products;
			sourceTree = "<group>";
		};
		83EF5D5D23FC876200BAD81D /* Unam */ = {
			isa = PBXGroup;
			children = (
				837D17D526251D8000B88072 /* Extensions */,
				837D17CA2624F16800B88072 /* Profile */,
				832DCDF024018CA40017B3F9 /* Web */,
				832DCDE924018B280017B3F9 /* Util */,
				832DCDE824018B190017B3F9 /* Subject */,
				837D17B72624E15800B88072 /* SubjectDetail */,
				8376961C26EBBCFE00E2D1F3 /* NewsDetail */,
				83A5ED3D26D5CEDF00AD9D1F /* News */,
				837D17B02624D9CE00B88072 /* AcademicItem */,
				83F6F98F23FDFD460094F7FF /* UserDataViewModel.swift */,
				837D17C02624E7CE00B88072 /* TabContainer */,
				83EF5D6023FC876200BAD81D /* SceneDelegate.swift */,
				83EF5D5E23FC876200BAD81D /* AppDelegate.swift */,
				83EF5D6423FC876200BAD81D /* Main.storyboard */,
				83EF5D6723FC876300BAD81D /* Assets.xcassets */,
				83EF5D6923FC876300BAD81D /* LaunchScreen.storyboard */,
				83EF5D6C23FC876300BAD81D /* Info.plist */,
			);
			path = Unam;
			sourceTree = "<group>";
		};
/* End PBXGroup section */

/* Begin PBXNativeTarget section */
		8385996626D85DD700E91884 /* UnamUnitTests */ = {
			isa = PBXNativeTarget;
			buildConfigurationList = 8385997026D85DD700E91884 /* Build configuration list for PBXNativeTarget "UnamUnitTests" */;
			buildPhases = (
				8385996326D85DD700E91884 /* Sources */,
				8385996426D85DD700E91884 /* Frameworks */,
				8385996526D85DD700E91884 /* Resources */,
			);
			buildRules = (
			);
			dependencies = (
				8385996D26D85DD700E91884 /* PBXTargetDependency */,
			);
			name = UnamUnitTests;
			productName = UnamUnitTests;
			productReference = 8385996726D85DD700E91884 /* UnamUnitTests.xctest */;
			productType = "com.apple.product-type.bundle.unit-test";
		};
		8385998026D866FE00E91884 /* UnamUITests */ = {
			isa = PBXNativeTarget;
			buildConfigurationList = 8385998826D866FE00E91884 /* Build configuration list for PBXNativeTarget "UnamUITests" */;
			buildPhases = (
				8385997D26D866FE00E91884 /* Sources */,
				8385997E26D866FE00E91884 /* Frameworks */,
				8385997F26D866FE00E91884 /* Resources */,
			);
			buildRules = (
			);
			dependencies = (
				8385998726D866FE00E91884 /* PBXTargetDependency */,
			);
			name = UnamUITests;
			productName = UnamUITests;
			productReference = 8385998126D866FE00E91884 /* UnamUITests.xctest */;
			productType = "com.apple.product-type.bundle.ui-testing";
		};
		83EF5D5A23FC876200BAD81D /* Unam */ = {
			isa = PBXNativeTarget;
			buildConfigurationList = 83EF5D6F23FC876300BAD81D /* Build configuration list for PBXNativeTarget "Unam" */;
			buildPhases = (
				F4695A338BE8D72DFB4D7CA9 /* [CP] Check Pods Manifest.lock */,
				83EF5D5723FC876200BAD81D /* Sources */,
				83EF5D5823FC876200BAD81D /* Frameworks */,
				83EF5D5923FC876200BAD81D /* Resources */,
				E2527874DD79B881E090491F /* [CP] Embed Pods Frameworks */,
			);
			buildRules = (
			);
			dependencies = (
			);
			name = Unam;
			productName = Unam;
			productReference = 83EF5D5B23FC876200BAD81D /* Unam.app */;
			productType = "com.apple.product-type.application";
		};
/* End PBXNativeTarget section */

/* Begin PBXProject section */
		83EF5D5323FC876200BAD81D /* Project object */ = {
			isa = PBXProject;
			attributes = {
				LastSwiftUpdateCheck = 1240;
				LastUpgradeCheck = 1130;
				ORGANIZATIONNAME = "Jose Antonio Trejo Flores";
				TargetAttributes = {
					8385996626D85DD700E91884 = {
						CreatedOnToolsVersion = 12.4;
						TestTargetID = 83EF5D5A23FC876200BAD81D;
					};
					8385998026D866FE00E91884 = {
						CreatedOnToolsVersion = 12.4;
						TestTargetID = 83EF5D5A23FC876200BAD81D;
					};
					83EF5D5A23FC876200BAD81D = {
						CreatedOnToolsVersion = 11.3;
					};
				};
			};
			buildConfigurationList = 83EF5D5623FC876200BAD81D /* Build configuration list for PBXProject "Unam" */;
			compatibilityVersion = "Xcode 9.3";
			developmentRegion = en;
			hasScannedForEncodings = 0;
			knownRegions = (
				en,
				Base,
			);
			mainGroup = 83EF5D5223FC876200BAD81D;
			productRefGroup = 83EF5D5C23FC876200BAD81D /* Products */;
			projectDirPath = "";
			projectRoot = "";
			targets = (
				83EF5D5A23FC876200BAD81D /* Unam */,
				8385996626D85DD700E91884 /* UnamUnitTests */,
				8385998026D866FE00E91884 /* UnamUITests */,
			);
		};
/* End PBXProject section */

/* Begin PBXResourcesBuildPhase section */
		8385996526D85DD700E91884 /* Resources */ = {
			isa = PBXResourcesBuildPhase;
			buildActionMask = 2147483647;
			files = (
			);
			runOnlyForDeploymentPostprocessing = 0;
		};
		8385997F26D866FE00E91884 /* Resources */ = {
			isa = PBXResourcesBuildPhase;
			buildActionMask = 2147483647;
			files = (
			);
			runOnlyForDeploymentPostprocessing = 0;
		};
		83EF5D5923FC876200BAD81D /* Resources */ = {
			isa = PBXResourcesBuildPhase;
			buildActionMask = 2147483647;
			files = (
				83EF5D6B23FC876300BAD81D /* LaunchScreen.storyboard in Resources */,
				83EF5D6823FC876300BAD81D /* Assets.xcassets in Resources */,
				83EF5D6623FC876200BAD81D /* Main.storyboard in Resources */,
			);
			runOnlyForDeploymentPostprocessing = 0;
		};
/* End PBXResourcesBuildPhase section */

/* Begin PBXShellScriptBuildPhase section */
		E2527874DD79B881E090491F /* [CP] Embed Pods Frameworks */ = {
			isa = PBXShellScriptBuildPhase;
			buildActionMask = 2147483647;
			files = (
			);
			inputFileListPaths = (
				"${PODS_ROOT}/Target Support Files/Pods-Unam/Pods-Unam-frameworks-${CONFIGURATION}-input-files.xcfilelist",
			);
			name = "[CP] Embed Pods Frameworks";
			outputFileListPaths = (
				"${PODS_ROOT}/Target Support Files/Pods-Unam/Pods-Unam-frameworks-${CONFIGURATION}-output-files.xcfilelist",
			);
			runOnlyForDeploymentPostprocessing = 0;
			shellPath = /bin/sh;
			shellScript = "\"${PODS_ROOT}/Target Support Files/Pods-Unam/Pods-Unam-frameworks.sh\"\n";
			showEnvVarsInLog = 0;
		};
		F4695A338BE8D72DFB4D7CA9 /* [CP] Check Pods Manifest.lock */ = {
			isa = PBXShellScriptBuildPhase;
			buildActionMask = 2147483647;
			files = (
			);
			inputFileListPaths = (
			);
			inputPaths = (
				"${PODS_PODFILE_DIR_PATH}/Podfile.lock",
				"${PODS_ROOT}/Manifest.lock",
			);
			name = "[CP] Check Pods Manifest.lock";
			outputFileListPaths = (
			);
			outputPaths = (
				"$(DERIVED_FILE_DIR)/Pods-Unam-checkManifestLockResult.txt",
			);
			runOnlyForDeploymentPostprocessing = 0;
			shellPath = /bin/sh;
			shellScript = "diff \"${PODS_PODFILE_DIR_PATH}/Podfile.lock\" \"${PODS_ROOT}/Manifest.lock\" > /dev/null\nif [ $? != 0 ] ; then\n    # print error to STDERR\n    echo \"error: The sandbox is not in sync with the Podfile.lock. Run 'pod install' or update your CocoaPods installation.\" >&2\n    exit 1\nfi\n# This output is used by Xcode 'outputs' to avoid re-running this script phase.\necho \"SUCCESS\" > \"${SCRIPT_OUTPUT_FILE_0}\"\n";
			showEnvVarsInLog = 0;
		};
/* End PBXShellScriptBuildPhase section */

/* Begin PBXSourcesBuildPhase section */
		8385996326D85DD700E91884 /* Sources */ = {
			isa = PBXSourcesBuildPhase;
			buildActionMask = 2147483647;
			files = (
				8385997426D85F2500E91884 /* NetworkMock.swift in Sources */,
				8385996A26D85DD700E91884 /* UnamUnitTests.swift in Sources */,
			);
			runOnlyForDeploymentPostprocessing = 0;
		};
		8385997D26D866FE00E91884 /* Sources */ = {
			isa = PBXSourcesBuildPhase;
			buildActionMask = 2147483647;
			files = (
				8385998426D866FE00E91884 /* UnamUITests.swift in Sources */,
			);
			runOnlyForDeploymentPostprocessing = 0;
		};
		83EF5D5723FC876200BAD81D /* Sources */ = {
			isa = PBXSourcesBuildPhase;
			buildActionMask = 2147483647;
			files = (
				832DCDED24018C560017B3F9 /* SubjectDetailView.swift in Sources */,
				8383DBA826EAEC5F006C977D /* NewsRow.swift in Sources */,
				837D17D726251D8F00B88072 /* WKWebView+.swift in Sources */,
				832DCDE524018AC30017B3F9 /* Subject.swift in Sources */,
				83D9987E26E6CC0F008CF27B /* RatingView.swift in Sources */,
				83A5ED3F26D5CEF900AD9D1F /* NewsView.swift in Sources */,
				83D9985726E45EF6008CF27B /* View+.swift in Sources */,
				837D17B22624D9E400B88072 /* AcademicView.swift in Sources */,
				837D17D02624FC6200B88072 /* CustomWebView.swift in Sources */,
				832DCDF42401A8A50017B3F9 /* String+.swift in Sources */,
				832DCDEF24018C650017B3F9 /* SubjectView.swift in Sources */,
				83D9984F26E40D08008CF27B /* AcademicHeaderView.swift in Sources */,
				832DCDE724018AE80017B3F9 /* Constant.swift in Sources */,
				83A5ED3B26D57B9D00AD9D1F /* Color+.swift in Sources */,
				8314EFC126E287E500C02178 /* UIFont+.swift in Sources */,
				83D9987726E6CB4C008CF27B /* SubjectHeaderView.swift in Sources */,
				832DCDEB24018B360017B3F9 /* SubjectRow.swift in Sources */,
				8376962426EBBD4200E2D1F3 /* NewsItemDetail.swift in Sources */,
				8383DBAD26EAEC7A006C977D /* NewsService.swift in Sources */,
				83D9988326E72821008CF27B /* AcademicSubView.swift in Sources */,
				83F6F99023FDFD460094F7FF /* UserDataViewModel.swift in Sources */,
				837D17CC2624F17700B88072 /* ProfileView.swift in Sources */,
				83EF5D5F23FC876200BAD81D /* AppDelegate.swift in Sources */,
				83D9986726E690A9008CF27B /* ProfileContentView.swift in Sources */,
				837D17C22624E7DD00B88072 /* TabContainerView.swift in Sources */,
				8383DBBA26EAECE3006C977D /* NewsItem.swift in Sources */,
				8360F08926F43B2700B80900 /* UIScrollViewViewController.swift in Sources */,
				8385994A26D6F6E400E91884 /* Appearance.swift in Sources */,
				8383DBB226EAECBE006C977D /* NewsDetailService.swift in Sources */,
				83EF5D6123FC876200BAD81D /* SceneDelegate.swift in Sources */,
				83D9986F26E6BE8F008CF27B /* Double+.swift in Sources */,
				8383DBA326EAEC43006C977D /* NewsDetailView.swift in Sources */,
				83D9986226E47206008CF27B /* AcademicRow.swift in Sources */,
				8360F07826F3D8B300B80900 /* HighlightedNewsView.swift in Sources */,
				832DCDF22401A7A10017B3F9 /* UserDataWebModel.swift in Sources */,
				83D9985D26E46066008CF27B /* HeaderProfileView.swift in Sources */,
				837D17BD2624E4F700B88072 /* AcademicItem.swift in Sources */,
				83D9984A26E400D0008CF27B /* Image+.swift in Sources */,
			);
			runOnlyForDeploymentPostprocessing = 0;
		};
/* End PBXSourcesBuildPhase section */

/* Begin PBXTargetDependency section */
		8385996D26D85DD700E91884 /* PBXTargetDependency */ = {
			isa = PBXTargetDependency;
			target = 83EF5D5A23FC876200BAD81D /* Unam */;
			targetProxy = 8385996C26D85DD700E91884 /* PBXContainerItemProxy */;
		};
		8385998726D866FE00E91884 /* PBXTargetDependency */ = {
			isa = PBXTargetDependency;
			target = 83EF5D5A23FC876200BAD81D /* Unam */;
			targetProxy = 8385998626D866FE00E91884 /* PBXContainerItemProxy */;
		};
/* End PBXTargetDependency section */

/* Begin PBXVariantGroup section */
		83EF5D6423FC876200BAD81D /* Main.storyboard */ = {
			isa = PBXVariantGroup;
			children = (
				83EF5D6523FC876200BAD81D /* Base */,
			);
			name = Main.storyboard;
			sourceTree = "<group>";
		};
		83EF5D6923FC876300BAD81D /* LaunchScreen.storyboard */ = {
			isa = PBXVariantGroup;
			children = (
				83EF5D6A23FC876300BAD81D /* Base */,
			);
			name = LaunchScreen.storyboard;
			sourceTree = "<group>";
		};
/* End PBXVariantGroup section */

/* Begin XCBuildConfiguration section */
		8385996E26D85DD700E91884 /* Debug */ = {
			isa = XCBuildConfiguration;
			buildSettings = {
				BUNDLE_LOADER = "$(TEST_HOST)";
				CLANG_WARN_QUOTED_INCLUDE_IN_FRAMEWORK_HEADER = YES;
				CODE_SIGN_STYLE = Automatic;
				DEVELOPMENT_TEAM = 8WKXC2MQ7R;
				INFOPLIST_FILE = UnamUnitTests/Info.plist;
				IPHONEOS_DEPLOYMENT_TARGET = 14.4;
				LD_RUNPATH_SEARCH_PATHS = (
					"$(inherited)",
					"@executable_path/Frameworks",
					"@loader_path/Frameworks",
				);
				PRODUCT_BUNDLE_IDENTIFIER = com.unittest.app.UnamUnitTests;
				PRODUCT_NAME = "$(TARGET_NAME)";
				SWIFT_VERSION = 5.0;
				TARGETED_DEVICE_FAMILY = "1,2";
				TEST_HOST = "$(BUILT_PRODUCTS_DIR)/Unam.app/Unam";
			};
			name = Debug;
		};
		8385996F26D85DD700E91884 /* Release */ = {
			isa = XCBuildConfiguration;
			buildSettings = {
				BUNDLE_LOADER = "$(TEST_HOST)";
				CLANG_WARN_QUOTED_INCLUDE_IN_FRAMEWORK_HEADER = YES;
				CODE_SIGN_STYLE = Automatic;
				DEVELOPMENT_TEAM = 8WKXC2MQ7R;
				INFOPLIST_FILE = UnamUnitTests/Info.plist;
				IPHONEOS_DEPLOYMENT_TARGET = 14.4;
				LD_RUNPATH_SEARCH_PATHS = (
					"$(inherited)",
					"@executable_path/Frameworks",
					"@loader_path/Frameworks",
				);
				PRODUCT_BUNDLE_IDENTIFIER = com.unittest.app.UnamUnitTests;
				PRODUCT_NAME = "$(TARGET_NAME)";
				SWIFT_VERSION = 5.0;
				TARGETED_DEVICE_FAMILY = "1,2";
				TEST_HOST = "$(BUILT_PRODUCTS_DIR)/Unam.app/Unam";
			};
			name = Release;
		};
		8385998926D866FE00E91884 /* Debug */ = {
			isa = XCBuildConfiguration;
			buildSettings = {
				CLANG_WARN_QUOTED_INCLUDE_IN_FRAMEWORK_HEADER = YES;
				CODE_SIGN_STYLE = Automatic;
				DEVELOPMENT_TEAM = 8WKXC2MQ7R;
				INFOPLIST_FILE = UnamUITests/Info.plist;
				IPHONEOS_DEPLOYMENT_TARGET = 14.4;
				LD_RUNPATH_SEARCH_PATHS = (
					"$(inherited)",
					"@executable_path/Frameworks",
					"@loader_path/Frameworks",
				);
				PRODUCT_BUNDLE_IDENTIFIER = com.uitests.app.UnamUITests;
				PRODUCT_NAME = "$(TARGET_NAME)";
				SWIFT_VERSION = 5.0;
				TARGETED_DEVICE_FAMILY = "1,2";
				TEST_TARGET_NAME = Unam;
			};
			name = Debug;
		};
		8385998A26D866FE00E91884 /* Release */ = {
			isa = XCBuildConfiguration;
			buildSettings = {
				CLANG_WARN_QUOTED_INCLUDE_IN_FRAMEWORK_HEADER = YES;
				CODE_SIGN_STYLE = Automatic;
				DEVELOPMENT_TEAM = 8WKXC2MQ7R;
				INFOPLIST_FILE = UnamUITests/Info.plist;
				IPHONEOS_DEPLOYMENT_TARGET = 14.4;
				LD_RUNPATH_SEARCH_PATHS = (
					"$(inherited)",
					"@executable_path/Frameworks",
					"@loader_path/Frameworks",
				);
				PRODUCT_BUNDLE_IDENTIFIER = com.uitests.app.UnamUITests;
				PRODUCT_NAME = "$(TARGET_NAME)";
				SWIFT_VERSION = 5.0;
				TARGETED_DEVICE_FAMILY = "1,2";
				TEST_TARGET_NAME = Unam;
			};
			name = Release;
		};
		83EF5D6D23FC876300BAD81D /* Debug */ = {
			isa = XCBuildConfiguration;
			buildSettings = {
				ALWAYS_SEARCH_USER_PATHS = NO;
				CLANG_ANALYZER_NONNULL = YES;
				CLANG_ANALYZER_NUMBER_OBJECT_CONVERSION = YES_AGGRESSIVE;
				CLANG_CXX_LANGUAGE_STANDARD = "gnu++14";
				CLANG_CXX_LIBRARY = "libc++";
				CLANG_ENABLE_MODULES = YES;
				CLANG_ENABLE_OBJC_ARC = YES;
				CLANG_ENABLE_OBJC_WEAK = YES;
				CLANG_WARN_BLOCK_CAPTURE_AUTORELEASING = YES;
				CLANG_WARN_BOOL_CONVERSION = YES;
				CLANG_WARN_COMMA = YES;
				CLANG_WARN_CONSTANT_CONVERSION = YES;
				CLANG_WARN_DEPRECATED_OBJC_IMPLEMENTATIONS = YES;
				CLANG_WARN_DIRECT_OBJC_ISA_USAGE = YES_ERROR;
				CLANG_WARN_DOCUMENTATION_COMMENTS = YES;
				CLANG_WARN_EMPTY_BODY = YES;
				CLANG_WARN_ENUM_CONVERSION = YES;
				CLANG_WARN_INFINITE_RECURSION = YES;
				CLANG_WARN_INT_CONVERSION = YES;
				CLANG_WARN_NON_LITERAL_NULL_CONVERSION = YES;
				CLANG_WARN_OBJC_IMPLICIT_RETAIN_SELF = YES;
				CLANG_WARN_OBJC_LITERAL_CONVERSION = YES;
				CLANG_WARN_OBJC_ROOT_CLASS = YES_ERROR;
				CLANG_WARN_RANGE_LOOP_ANALYSIS = YES;
				CLANG_WARN_STRICT_PROTOTYPES = YES;
				CLANG_WARN_SUSPICIOUS_MOVE = YES;
				CLANG_WARN_UNGUARDED_AVAILABILITY = YES_AGGRESSIVE;
				CLANG_WARN_UNREACHABLE_CODE = YES;
				CLANG_WARN__DUPLICATE_METHOD_MATCH = YES;
				COPY_PHASE_STRIP = NO;
				DEBUG_INFORMATION_FORMAT = dwarf;
				ENABLE_STRICT_OBJC_MSGSEND = YES;
				ENABLE_TESTABILITY = YES;
				GCC_C_LANGUAGE_STANDARD = gnu11;
				GCC_DYNAMIC_NO_PIC = NO;
				GCC_NO_COMMON_BLOCKS = YES;
				GCC_OPTIMIZATION_LEVEL = 0;
				GCC_PREPROCESSOR_DEFINITIONS = (
					"DEBUG=1",
					"$(inherited)",
				);
				GCC_WARN_64_TO_32_BIT_CONVERSION = YES;
				GCC_WARN_ABOUT_RETURN_TYPE = YES_ERROR;
				GCC_WARN_UNDECLARED_SELECTOR = YES;
				GCC_WARN_UNINITIALIZED_AUTOS = YES_AGGRESSIVE;
				GCC_WARN_UNUSED_FUNCTION = YES;
				GCC_WARN_UNUSED_VARIABLE = YES;
				IPHONEOS_DEPLOYMENT_TARGET = 13.2;
				MTL_ENABLE_DEBUG_INFO = INCLUDE_SOURCE;
				MTL_FAST_MATH = YES;
				ONLY_ACTIVE_ARCH = YES;
				SDKROOT = iphoneos;
				SWIFT_ACTIVE_COMPILATION_CONDITIONS = DEBUG;
				SWIFT_OPTIMIZATION_LEVEL = "-Onone";
			};
			name = Debug;
		};
		83EF5D6E23FC876300BAD81D /* Release */ = {
			isa = XCBuildConfiguration;
			buildSettings = {
				ALWAYS_SEARCH_USER_PATHS = NO;
				CLANG_ANALYZER_NONNULL = YES;
				CLANG_ANALYZER_NUMBER_OBJECT_CONVERSION = YES_AGGRESSIVE;
				CLANG_CXX_LANGUAGE_STANDARD = "gnu++14";
				CLANG_CXX_LIBRARY = "libc++";
				CLANG_ENABLE_MODULES = YES;
				CLANG_ENABLE_OBJC_ARC = YES;
				CLANG_ENABLE_OBJC_WEAK = YES;
				CLANG_WARN_BLOCK_CAPTURE_AUTORELEASING = YES;
				CLANG_WARN_BOOL_CONVERSION = YES;
				CLANG_WARN_COMMA = YES;
				CLANG_WARN_CONSTANT_CONVERSION = YES;
				CLANG_WARN_DEPRECATED_OBJC_IMPLEMENTATIONS = YES;
				CLANG_WARN_DIRECT_OBJC_ISA_USAGE = YES_ERROR;
				CLANG_WARN_DOCUMENTATION_COMMENTS = YES;
				CLANG_WARN_EMPTY_BODY = YES;
				CLANG_WARN_ENUM_CONVERSION = YES;
				CLANG_WARN_INFINITE_RECURSION = YES;
				CLANG_WARN_INT_CONVERSION = YES;
				CLANG_WARN_NON_LITERAL_NULL_CONVERSION = YES;
				CLANG_WARN_OBJC_IMPLICIT_RETAIN_SELF = YES;
				CLANG_WARN_OBJC_LITERAL_CONVERSION = YES;
				CLANG_WARN_OBJC_ROOT_CLASS = YES_ERROR;
				CLANG_WARN_RANGE_LOOP_ANALYSIS = YES;
				CLANG_WARN_STRICT_PROTOTYPES = YES;
				CLANG_WARN_SUSPICIOUS_MOVE = YES;
				CLANG_WARN_UNGUARDED_AVAILABILITY = YES_AGGRESSIVE;
				CLANG_WARN_UNREACHABLE_CODE = YES;
				CLANG_WARN__DUPLICATE_METHOD_MATCH = YES;
				COPY_PHASE_STRIP = NO;
				DEBUG_INFORMATION_FORMAT = "dwarf-with-dsym";
				ENABLE_NS_ASSERTIONS = NO;
				ENABLE_STRICT_OBJC_MSGSEND = YES;
				GCC_C_LANGUAGE_STANDARD = gnu11;
				GCC_NO_COMMON_BLOCKS = YES;
				GCC_WARN_64_TO_32_BIT_CONVERSION = YES;
				GCC_WARN_ABOUT_RETURN_TYPE = YES_ERROR;
				GCC_WARN_UNDECLARED_SELECTOR = YES;
				GCC_WARN_UNINITIALIZED_AUTOS = YES_AGGRESSIVE;
				GCC_WARN_UNUSED_FUNCTION = YES;
				GCC_WARN_UNUSED_VARIABLE = YES;
				IPHONEOS_DEPLOYMENT_TARGET = 13.2;
				MTL_ENABLE_DEBUG_INFO = NO;
				MTL_FAST_MATH = YES;
				SDKROOT = iphoneos;
				SWIFT_COMPILATION_MODE = wholemodule;
				SWIFT_OPTIMIZATION_LEVEL = "-O";
				VALIDATE_PRODUCT = YES;
			};
			name = Release;
		};
		83EF5D7023FC876300BAD81D /* Debug */ = {
			isa = XCBuildConfiguration;
			baseConfigurationReference = 248043DABFCF2A179C34D072 /* Pods-Unam.debug.xcconfig */;
			buildSettings = {
				ASSETCATALOG_COMPILER_APPICON_NAME = AppIcon;
				CODE_SIGN_IDENTITY = "Apple Development";
				CODE_SIGN_STYLE = Automatic;
				CURRENT_PROJECT_VERSION = 7;
				DEVELOPMENT_TEAM = 8WKXC2MQ7R;
				INFOPLIST_FILE = Unam/Info.plist;
				LD_RUNPATH_SEARCH_PATHS = (
					"$(inherited)",
					"@executable_path/Frameworks",
				);
				LIBRARY_SEARCH_PATHS = (
					"$(inherited)",
					"$(PROJECT_DIR)/Unam",
				);
				MARKETING_VERSION = 1.3.0;
				PRODUCT_BUNDLE_IDENTIFIER = com.unammobile.com;
				PRODUCT_NAME = "$(TARGET_NAME)";
				PROVISIONING_PROFILE_SPECIFIER = "";
				SWIFT_VERSION = 5.0;
				TARGETED_DEVICE_FAMILY = 1;
			};
			name = Debug;
		};
		83EF5D7123FC876300BAD81D /* Release */ = {
			isa = XCBuildConfiguration;
			baseConfigurationReference = C62CE3F4EEA46E797B9E45E1 /* Pods-Unam.release.xcconfig */;
			buildSettings = {
				ASSETCATALOG_COMPILER_APPICON_NAME = AppIcon;
				CODE_SIGN_STYLE = Automatic;
				CURRENT_PROJECT_VERSION = 7;
				DEVELOPMENT_TEAM = 8WKXC2MQ7R;
				INFOPLIST_FILE = Unam/Info.plist;
				LD_RUNPATH_SEARCH_PATHS = (
					"$(inherited)",
					"@executable_path/Frameworks",
				);
				LIBRARY_SEARCH_PATHS = (
					"$(inherited)",
					"$(PROJECT_DIR)/Unam",
				);
				MARKETING_VERSION = 1.3.0;
				PRODUCT_BUNDLE_IDENTIFIER = com.unammobile.com;
				PRODUCT_NAME = "$(TARGET_NAME)";
				SWIFT_VERSION = 5.0;
				TARGETED_DEVICE_FAMILY = 1;
			};
			name = Release;
		};
/* End XCBuildConfiguration section */

/* Begin XCConfigurationList section */
		8385997026D85DD700E91884 /* Build configuration list for PBXNativeTarget "UnamUnitTests" */ = {
			isa = XCConfigurationList;
			buildConfigurations = (
				8385996E26D85DD700E91884 /* Debug */,
				8385996F26D85DD700E91884 /* Release */,
			);
			defaultConfigurationIsVisible = 0;
			defaultConfigurationName = Release;
		};
		8385998826D866FE00E91884 /* Build configuration list for PBXNativeTarget "UnamUITests" */ = {
			isa = XCConfigurationList;
			buildConfigurations = (
				8385998926D866FE00E91884 /* Debug */,
				8385998A26D866FE00E91884 /* Release */,
			);
			defaultConfigurationIsVisible = 0;
			defaultConfigurationName = Release;
		};
		83EF5D5623FC876200BAD81D /* Build configuration list for PBXProject "Unam" */ = {
			isa = XCConfigurationList;
			buildConfigurations = (
				83EF5D6D23FC876300BAD81D /* Debug */,
				83EF5D6E23FC876300BAD81D /* Release */,
			);
			defaultConfigurationIsVisible = 0;
			defaultConfigurationName = Release;
		};
		83EF5D6F23FC876300BAD81D /* Build configuration list for PBXNativeTarget "Unam" */ = {
			isa = XCConfigurationList;
			buildConfigurations = (
				83EF5D7023FC876300BAD81D /* Debug */,
				83EF5D7123FC876300BAD81D /* Release */,
			);
			defaultConfigurationIsVisible = 0;
			defaultConfigurationName = Release;
		};
/* End XCConfigurationList section */
	};
	rootObject = 83EF5D5323FC876200BAD81D /* Project object */;
}
